{
  "requires": true,
  "lockfileVersion": 1,
  "dependencies": {
    "core-js": {
      "version": "2.6.11",
      "resolved": "https://registry.npmjs.org/core-js/-/core-js-2.6.11.tgz",
      "integrity": "sha512-5wjnpaT/3dV+XB4borEsnAYQchn00XSgTAWKDkEqv+K8KevjbzmofK6hfJ9TZIlpj2N0xQpazy7PiRQiWHqzWg=="
    },
    "vue": {
      "version": "2.6.11",
      "resolved": "https://registry.npmjs.org/vue/-/vue-2.6.11.tgz",
      "integrity": "sha512-VfPwgcGABbGAue9+sfrD4PuwFar7gPb1yl1UK1MwXoQPAw0BKSqWfoYCT/ThFrdEVWoI51dBuyCoiNU9bZDZxQ=="
    },
    "vue-confirm-dialog": {
      "version": "0.2.5",
      "resolved": "https://registry.npmjs.org/vue-confirm-dialog/-/vue-confirm-dialog-0.2.5.tgz",
      "integrity": "sha512-xlDvsHw+4YYZftb9eNaFkl01qJve+WdeMGCzMrGVIjW1YVJ/ti3yS+YOX6lfVi1ibhGG9ir8//MWkZb6ysCQUA==",
      "requires": {
        "core-js": "^2.6.5",
        "vue": "^2.6.10"
      }
    }
  }
}
